
Microsoft Visual Studio Solution File, Format Version 12.00
# Visual Studio 15
VisualStudioVersion = 15.0.28307.489
MinimumVisualStudioVersion = 10.0.40219.1
Project("{FAE04EC0-301F-11D3-BF4B-00C04F79EFBC}") = "Game - Snake", "Game - Snake\Game - Snake.csproj", "{3C77767E-FC96-4916-887D-45356A842C5F}"
EndProject
Project("{54435603-DBB4-11D2-8724-00A0C9A8B90C}") = "Snake", "Snake\Snake.vdproj", "{216068C7-954E-4DD7-8761-486AFF35669D}"
EndProject
Global
	GlobalSection(SolutionConfigurationPlatforms) = preSolution
		Debug|Any CPU = Debug|Any CPU
		Release|Any CPU = Release|Any CPU
	EndGlobalSection
	GlobalSection(ProjectConfigurationPlatforms) = postSolution
		{3C77767E-FC96-4916-887D-45356A842C5F}.Debug|Any CPU.ActiveCfg = Debug|Any CPU
		{3C77767E-FC96-4916-887D-45356A842C5F}.Debug|Any CPU.Build.0 = Debug|Any CPU
		{3C77767E-FC96-4916-887D-45356A842C5F}.Release|Any CPU.ActiveCfg = Release|Any CPU
		{3C77767E-FC96-4916-887D-45356A842C5F}.Release|Any CPU.Build.0 = Release|Any CPU
		{216068C7-954E-4DD7-8761-486AFF35669D}.Debug|Any CPU.ActiveCfg = Debug
		{216068C7-954E-4DD7-8761-486AFF35669D}.Release|Any CPU.ActiveCfg = Release
	EndGlobalSection
	GlobalSection(SolutionProperties) = preSolution
		HideSolutionNode = FALSE
	EndGlobalSection
	GlobalSection(ExtensibilityGlobals) = postSolution
		SolutionGuid = {31EA186C-1969-4CFA-969D-71475C3A2666}
	EndGlobalSection
EndGlobal
